// !$*UTF8*$!
{
	archiveVersion = 1;
	classes = {
	};
	objectVersion = 55;
	objects = {

/* Begin PBXBuildFile section */
		B0C0BD52278BC09F003D1BF8 /* AppDelegate.swift in Sources */ = {isa = PBXBuildFile; fileRef = B0C0BD51278BC09F003D1BF8 /* AppDelegate.swift */; };
		B0C0BD54278BC09F003D1BF8 /* SceneDelegate.swift in Sources */ = {isa = PBXBuildFile; fileRef = B0C0BD53278BC09F003D1BF8 /* SceneDelegate.swift */; };
		B0C0BD56278BC09F003D1BF8 /* ViewController.swift in Sources */ = {isa = PBXBuildFile; fileRef = B0C0BD55278BC09F003D1BF8 /* ViewController.swift */; };
		B0C0BD59278BC09F003D1BF8 /* Main.storyboard in Resources */ = {isa = PBXBuildFile; fileRef = B0C0BD57278BC09F003D1BF8 /* Main.storyboard */; };
		B0C0BD5B278BC0A1003D1BF8 /* Assets.xcassets in Resources */ = {isa = PBXBuildFile; fileRef = B0C0BD5A278BC0A1003D1BF8 /* Assets.xcassets */; };
		B0C0BD5E278BC0A1003D1BF8 /* LaunchScreen.storyboard in Resources */ = {isa = PBXBuildFile; fileRef = B0C0BD5C278BC0A1003D1BF8 /* LaunchScreen.storyboard */; };
		B0C0BD69278BC0A2003D1BF8 /* preworkTests.swift in Sources */ = {isa = PBXBuildFile; fileRef = B0C0BD68278BC0A2003D1BF8 /* preworkTests.swift */; };
		B0C0BD73278BC0A2003D1BF8 /* preworkUITests.swift in Sources */ = {isa = PBXBuildFile; fileRef = B0C0BD72278BC0A2003D1BF8 /* preworkUITests.swift */; };
		B0C0BD75278BC0A2003D1BF8 /* preworkUITestsLaunchTests.swift in Sources */ = {isa = PBXBuildFile; fileRef = B0C0BD74278BC0A2003D1BF8 /* preworkUITestsLaunchTests.swift */; };
/* End PBXBuildFile section */

/* Begin PBXContainerItemProxy section */
		B0C0BD65278BC0A2003D1BF8 /* PBXContainerItemProxy */ = {
			isa = PBXContainerItemProxy;
			containerPortal = B0C0BD46278BC09F003D1BF8 /* Project object */;
			proxyType = 1;
			remoteGlobalIDString = B0C0BD4D278BC09F003D1BF8;
			remoteInfo = prework;
		};
		B0C0BD6F278BC0A2003D1BF8 /* PBXContainerItemProxy */ = {
			isa = PBXContainerItemProxy;
			containerPortal = B0C0BD46278BC09F003D1BF8 /* Project object */;
			proxyType = 1;
			remoteGlobalIDString = B0C0BD4D278BC09F003D1BF8;
			remoteInfo = prework;
		};
/* End PBXContainerItemProxy section */

/* Begin PBXFileReference section */
		B0C0BD4E278BC09F003D1BF8 /* prework.app */ = {isa = PBXFileReference; explicitFileType = wrapper.application; includeInIndex = 0; path = prework.app; sourceTree = BUILT_PRODUCTS_DIR; };
		B0C0BD51278BC09F003D1BF8 /* AppDelegate.swift */ = {isa = PBXFileReference; lastKnownFileType = sourcecode.swift; path = AppDelegate.swift; sourceTree = "<group>"; };
		B0C0BD53278BC09F003D1BF8 /* SceneDelegate.swift */ = {isa = PBXFileReference; lastKnownFileType = sourcecode.swift; path = SceneDelegate.swift; sourceTree = "<group>"; };
		B0C0BD55278BC09F003D1BF8 /* ViewController.swift */ = {isa = PBXFileReference; lastKnownFileType = sourcecode.swift; path = ViewController.swift; sourceTree = "<group>"; };
		B0C0BD58278BC09F003D1BF8 /* Base */ = {isa = PBXFileReference; lastKnownFileType = file.storyboard; name = Base; path = Base.lproj/Main.storyboard; sourceTree = "<group>"; };
		B0C0BD5A278BC0A1003D1BF8 /* Assets.xcassets */ = {isa = PBXFileReference; lastKnownFileType = folder.assetcatalog; path = Assets.xcassets; sourceTree = "<group>"; };
		B0C0BD5D278BC0A1003D1BF8 /* Base */ = {isa = PBXFileReference; lastKnownFileType = file.storyboard; name = Base; path = Base.lproj/LaunchScreen.storyboard; sourceTree = "<group>"; };
		B0C0BD5F278BC0A1003D1BF8 /* Info.plist */ = {isa = PBXFileReference; lastKnownFileType = text.plist.xml; path = Info.plist; sourceTree = "<group>"; };
		B0C0BD64278BC0A2003D1BF8 /* preworkTests.xctest */ = {isa = PBXFileReference; explicitFileType = wrapper.cfbundle; includeInIndex = 0; path = preworkTests.xctest; sourceTree = BUILT_PRODUCTS_DIR; };
		B0C0BD68278BC0A2003D1BF8 /* preworkTests.swift */ = {isa = PBXFileReference; lastKnownFileType = sourcecode.swift; path = preworkTests.swift; sourceTree = "<group>"; };
		B0C0BD6E278BC0A2003D1BF8 /* preworkUITests.xctest */ = {isa = PBXFileReference; explicitFileType = wrapper.cfbundle; includeInIndex = 0; path = preworkUITests.xctest; sourceTree = BUILT_PRODUCTS_DIR; };
		B0C0BD72278BC0A2003D1BF8 /* preworkUITests.swift */ = {isa = PBXFileReference; lastKnownFileType = sourcecode.swift; path = preworkUITests.swift; sourceTree = "<group>"; };
		B0C0BD74278BC0A2003D1BF8 /* preworkUITestsLaunchTests.swift */ = {isa = PBXFileReference; lastKnownFileType = sourcecode.swift; path = preworkUITestsLaunchTests.swift; sourceTree = "<group>"; };
/* End PBXFileReference section */

/* Begin PBXFrameworksBuildPhase section */
		B0C0BD4B278BC09F003D1BF8 /* Frameworks */ = {
			isa = PBXFrameworksBuildPhase;
			buildActionMask = 2147483647;
			files = (
			);
			runOnlyForDeploymentPostprocessing = 0;
		};
		B0C0BD61278BC0A2003D1BF8 /* Frameworks */ = {
			isa = PBXFrameworksBuildPhase;
			buildActionMask = 2147483647;
			files = (
			);
			runOnlyForDeploymentPostprocessing = 0;
		};
		B0C0BD6B278BC0A2003D1BF8 /* Frameworks */ = {
			isa = PBXFrameworksBuildPhase;
			buildActionMask = 2147483647;
			files = (
			);
			runOnlyForDeploymentPostprocessing = 0;
		};
/* End PBXFrameworksBuildPhase section */

/* Begin PBXGroup section */
		B0C0BD45278BC09F003D1BF8 = {
			isa = PBXGroup;
			children = (
				B0C0BD50278BC09F003D1BF8 /* prework */,
				B0C0BD67278BC0A2003D1BF8 /* preworkTests */,
				B0C0BD71278BC0A2003D1BF8 /* preworkUITests */,
				B0C0BD4F278BC09F003D1BF8 /* Products */,
			);
			sourceTree = "<group>";
		};
		B0C0BD4F278BC09F003D1BF8 /* Products */ = {
			isa = PBXGroup;
			children = (
				B0C0BD4E278BC09F003D1BF8 /* prework.app */,
				B0C0BD64278BC0A2003D1BF8 /* preworkTests.xctest */,
				B0C0BD6E278BC0A2003D1BF8 /* preworkUITests.xctest */,
			);
			name = Products;
			sourceTree = "<group>";
		};
		B0C0BD50278BC09F003D1BF8 /* prework */ = {
			isa = PBXGroup;
			children = (
				B0C0BD51278BC09F003D1BF8 /* AppDelegate.swift */,
				B0C0BD53278BC09F003D1BF8 /* SceneDelegate.swift */,
				B0C0BD55278BC09F003D1BF8 /* ViewController.swift */,
				B0C0BD57278BC09F003D1BF8 /* Main.storyboard */,
				B0C0BD5A278BC0A1003D1BF8 /* Assets.xcassets */,
				B0C0BD5C278BC0A1003D1BF8 /* LaunchScreen.storyboard */,
				B0C0BD5F278BC0A1003D1BF8 /* Info.plist */,
			);
			path = prework;
			sourceTree = "<group>";
		};
		B0C0BD67278BC0A2003D1BF8 /* preworkTests */ = {
			isa = PBXGroup;
			children = (
				B0C0BD68278BC0A2003D1BF8 /* preworkTests.swift */,
			);
			path = preworkTests;
			sourceTree = "<group>";
		};
		B0C0BD71278BC0A2003D1BF8 /* preworkUITests */ = {
			isa = PBXGroup;
			children = (
				B0C0BD72278BC0A2003D1BF8 /* preworkUITests.swift */,
				B0C0BD74278BC0A2003D1BF8 /* preworkUITestsLaunchTests.swift */,
			);
			path = preworkUITests;
			sourceTree = "<group>";
		};
/* End PBXGroup section */

/* Begin PBXNativeTarget section */
		B0C0BD4D278BC09F003D1BF8 /* prework */ = {
			isa = PBXNativeTarget;
			buildConfigurationList = B0C0BD78278BC0A2003D1BF8 /* Build configuration list for PBXNativeTarget "prework" */;
			buildPhases = (
				B0C0BD4A278BC09F003D1BF8 /* Sources */,
				B0C0BD4B278BC09F003D1BF8 /* Frameworks */,
				B0C0BD4C278BC09F003D1BF8 /* Resources */,
			);
			buildRules = (
			);
			dependencies = (
			);
			name = prework;
			productName = prework;
			productReference = B0C0BD4E278BC09F003D1BF8 /* prework.app */;
			productType = "com.apple.product-type.application";
		};
		B0C0BD63278BC0A2003D1BF8 /* preworkTests */ = {
			isa = PBXNativeTarget;
			buildConfigurationList = B0C0BD7B278BC0A2003D1BF8 /* Build configuration list for PBXNativeTarget "preworkTests" */;
			buildPhases = (
				B0C0BD60278BC0A2003D1BF8 /* Sources */,
				B0C0BD61278BC0A2003D1BF8 /* Frameworks */,
				B0C0BD62278BC0A2003D1BF8 /* Resources */,
			);
			buildRules = (
			);
			dependencies = (
				B0C0BD66278BC0A2003D1BF8 /* PBXTargetDependency */,
			);
			name = preworkTests;
			productName = preworkTests;
			productReference = B0C0BD64278BC0A2003D1BF8 /* preworkTests.xctest */;
			productType = "com.apple.product-type.bundle.unit-test";
		};
		B0C0BD6D278BC0A2003D1BF8 /* preworkUITests */ = {
			isa = PBXNativeTarget;
			buildConfigurationList = B0C0BD7E278BC0A2003D1BF8 /* Build configuration list for PBXNativeTarget "preworkUITests" */;
			buildPhases = (
				B0C0BD6A278BC0A2003D1BF8 /* Sources */,
				B0C0BD6B278BC0A2003D1BF8 /* Frameworks */,
				B0C0BD6C278BC0A2003D1BF8 /* Resources */,
			);
			buildRules = (
			);
			dependencies = (
				B0C0BD70278BC0A2003D1BF8 /* PBXTargetDependency */,
			);
			name = preworkUITests;
			productName = preworkUITests;
			productReference = B0C0BD6E278BC0A2003D1BF8 /* preworkUITests.xctest */;
			productType = "com.apple.product-type.bundle.ui-testing";
		};
/* End PBXNativeTarget section */

/* Begin PBXProject section */
		B0C0BD46278BC09F003D1BF8 /* Project object */ = {
			isa = PBXProject;
			attributes = {
				BuildIndependentTargetsInParallel = 1;
				LastSwiftUpdateCheck = 1310;
				LastUpgradeCheck = 1310;
				TargetAttributes = {
					B0C0BD4D278BC09F003D1BF8 = {
						CreatedOnToolsVersion = 13.1;
					};
					B0C0BD63278BC0A2003D1BF8 = {
						CreatedOnToolsVersion = 13.1;
						TestTargetID = B0C0BD4D278BC09F003D1BF8;
					};
					B0C0BD6D278BC0A2003D1BF8 = {
						CreatedOnToolsVersion = 13.1;
						TestTargetID = B0C0BD4D278BC09F003D1BF8;
					};
				};
			};
			buildConfigurationList = B0C0BD49278BC09F003D1BF8 /* Build configuration list for PBXProject "prework" */;
			compatibilityVersion = "Xcode 13.0";
			developmentRegion = en;
			hasScannedForEncodings = 0;
			knownRegions = (
				en,
				Base,
			);
			mainGroup = B0C0BD45278BC09F003D1BF8;
			productRefGroup = B0C0BD4F278BC09F003D1BF8 /* Products */;
			projectDirPath = "";
			projectRoot = "";
			targets = (
				B0C0BD4D278BC09F003D1BF8 /* prework */,
				B0C0BD63278BC0A2003D1BF8 /* preworkTests */,
				B0C0BD6D278BC0A2003D1BF8 /* preworkUITests */,
			);
		};
/* End PBXProject section */

/* Begin PBXResourcesBuildPhase section */
		B0C0BD4C278BC09F003D1BF8 /* Resources */ = {
			isa = PBXResourcesBuildPhase;
			buildActionMask = 2147483647;
			files = (
				B0C0BD5E278BC0A1003D1BF8 /* LaunchScreen.storyboard in Resources */,
				B0C0BD5B278BC0A1003D1BF8 /* Assets.xcassets in Resources */,
				B0C0BD59278BC09F003D1BF8 /* Main.storyboard in Resources */,
			);
			runOnlyForDeploymentPostprocessing = 0;
		};
		B0C0BD62278BC0A2003D1BF8 /* Resources */ = {
			isa = PBXResourcesBuildPhase;
			buildActionMask = 2147483647;
			files = (
			);
			runOnlyForDeploymentPostprocessing = 0;
		};
		B0C0BD6C278BC0A2003D1BF8 /* Resources */ = {
			isa = PBXResourcesBuildPhase;
			buildActionMask = 2147483647;
			files = (
			);
			runOnlyForDeploymentPostprocessing = 0;
		};
/* End PBXResourcesBuildPhase section */

/* Begin PBXSourcesBuildPhase section */
		B0C0BD4A278BC09F003D1BF8 /* Sources */ = {
			isa = PBXSourcesBuildPhase;
			buildActionMask = 2147483647;
			files = (
				B0C0BD56278BC09F003D1BF8 /* ViewController.swift in Sources */,
				B0C0BD52278BC09F003D1BF8 /* AppDelegate.swift in Sources */,
				B0C0BD54278BC09F003D1BF8 /* SceneDelegate.swift in Sources */,
			);
			runOnlyForDeploymentPostprocessing = 0;
		};
		B0C0BD60278BC0A2003D1BF8 /* Sources */ = {
			isa = PBXSourcesBuildPhase;
			buildActionMask = 2147483647;
			files = (
				B0C0BD69278BC0A2003D1BF8 /* preworkTests.swift in Sources */,
			);
			runOnlyForDeploymentPostprocessing = 0;
		};
		B0C0BD6A278BC0A2003D1BF8 /* Sources */ = {
			isa = PBXSourcesBuildPhase;
			buildActionMask = 2147483647;
			files = (
				B0C0BD73278BC0A2003D1BF8 /* preworkUITests.swift in Sources */,
				B0C0BD75278BC0A2003D1BF8 /* preworkUITestsLaunchTests.swift in Sources */,
			);
			runOnlyForDeploymentPostprocessing = 0;
		};
/* End PBXSourcesBuildPhase section */

/* Begin PBXTargetDependency section */
		B0C0BD66278BC0A2003D1BF8 /* PBXTargetDependency */ = {
			isa = PBXTargetDependency;
			target = B0C0BD4D278BC09F003D1BF8 /* prework */;
			targetProxy = B0C0BD65278BC0A2003D1BF8 /* PBXContainerItemProxy */;
		};
		B0C0BD70278BC0A2003D1BF8 /* PBXTargetDependency */ = {
			isa = PBXTargetDependency;
			target = B0C0BD4D278BC09F003D1BF8 /* prework */;
			targetProxy = B0C0BD6F278BC0A2003D1BF8 /* PBXContainerItemProxy */;
		};
/* End PBXTargetDependency section */

/* Begin PBXVariantGroup section */
		B0C0BD57278BC09F003D1BF8 /* Main.storyboard */ = {
			isa = PBXVariantGroup;
			children = (
				B0C0BD58278BC09F003D1BF8 /* Base */,
			);
			name = Main.storyboard;
			sourceTree = "<group>";
		};
		B0C0BD5C278BC0A1003D1BF8 /* LaunchScreen.storyboard */ = {
			isa = PBXVariantGroup;
			children = (
				B0C0BD5D278BC0A1003D1BF8 /* Base */,
			);
			name = LaunchScreen.storyboard;
			sourceTree = "<group>";
		};
/* End PBXVariantGroup section */

/* Begin XCBuildConfiguration section */
		B0C0BD76278BC0A2003D1BF8 /* Debug */ = {
			isa = XCBuildConfiguration;
			buildSettings = {
				ALWAYS_SEARCH_USER_PATHS = NO;
				CLANG_ANALYZER_NONNULL = YES;
				CLANG_ANALYZER_NUMBER_OBJECT_CONVERSION = YES_AGGRESSIVE;
				CLANG_CXX_LANGUAGE_STANDARD = "gnu++17";
				CLANG_CXX_LIBRARY = "libc++";
				CLANG_ENABLE_MODULES = YES;
				CLANG_ENABLE_OBJC_ARC = YES;
				CLANG_ENABLE_OBJC_WEAK = YES;
				CLANG_WARN_BLOCK_CAPTURE_AUTORELEASING = YES;
				CLANG_WARN_BOOL_CONVERSION = YES;
				CLANG_WARN_COMMA = YES;
				CLANG_WARN_CONSTANT_CONVERSION = YES;
				CLANG_WARN_DEPRECATED_OBJC_IMPLEMENTATIONS = YES;
				CLANG_WARN_DIRECT_OBJC_ISA_USAGE = YES_ERROR;
				CLANG_WARN_DOCUMENTATION_COMMENTS = YES;
				CLANG_WARN_EMPTY_BODY = YES;
				CLANG_WARN_ENUM_CONVERSION = YES;
				CLANG_WARN_INFINITE_RECURSION = YES;
				CLANG_WARN_INT_CONVERSION = YES;
				CLANG_WARN_NON_LITERAL_NULL_CONVERSION = YES;
				CLANG_WARN_OBJC_IMPLICIT_RETAIN_SELF = YES;
				CLANG_WARN_OBJC_LITERAL_CONVERSION = YES;
				CLANG_WARN_OBJC_ROOT_CLASS = YES_ERROR;
				CLANG_WARN_QUOTED_INCLUDE_IN_FRAMEWORK_HEADER = YES;
				CLANG_WARN_RANGE_LOOP_ANALYSIS = YES;
				CLANG_WARN_STRICT_PROTOTYPES = YES;
				CLANG_WARN_SUSPICIOUS_MOVE = YES;
				CLANG_WARN_UNGUARDED_AVAILABILITY = YES_AGGRESSIVE;
				CLANG_WARN_UNREACHABLE_CODE = YES;
				CLANG_WARN__DUPLICATE_METHOD_MATCH = YES;
				COPY_PHASE_STRIP = NO;
				DEBUG_INFORMATION_FORMAT = dwarf;
				ENABLE_STRICT_OBJC_MSGSEND = YES;
				ENABLE_TESTABILITY = YES;
				GCC_C_LANGUAGE_STANDARD = gnu11;
				GCC_DYNAMIC_NO_PIC = NO;
				GCC_NO_COMMON_BLOCKS = YES;
				GCC_OPTIMIZATION_LEVEL = 0;
				GCC_PREPROCESSOR_DEFINITIONS = (
					"DEBUG=1",
					"$(inherited)",
				);
				GCC_WARN_64_TO_32_BIT_CONVERSION = YES;
				GCC_WARN_ABOUT_RETURN_TYPE = YES_ERROR;
				GCC_WARN_UNDECLARED_SELECTOR = YES;
				GCC_WARN_UNINITIALIZED_AUTOS = YES_AGGRESSIVE;
				GCC_WARN_UNUSED_FUNCTION = YES;
				GCC_WARN_UNUSED_VARIABLE = YES;
				IPHONEOS_DEPLOYMENT_TARGET = 15.0;
				MTL_ENABLE_DEBUG_INFO = INCLUDE_SOURCE;
				MTL_FAST_MATH = YES;
				ONLY_ACTIVE_ARCH = YES;
				SDKROOT = iphoneos;
				SWIFT_ACTIVE_COMPILATION_CONDITIONS = DEBUG;
				SWIFT_OPTIMIZATION_LEVEL = "-Onone";
			};
			name = Debug;
		};
		B0C0BD77278BC0A2003D1BF8 /* Release */ = {
			isa = XCBuildConfiguration;
			buildSettings = {
				ALWAYS_SEARCH_USER_PATHS = NO;
				CLANG_ANALYZER_NONNULL = YES;
				CLANG_ANALYZER_NUMBER_OBJECT_CONVERSION = YES_AGGRESSIVE;
				CLANG_CXX_LANGUAGE_STANDARD = "gnu++17";
				CLANG_CXX_LIBRARY = "libc++";
				CLANG_ENABLE_MODULES = YES;
				CLANG_ENABLE_OBJC_ARC = YES;
				CLANG_ENABLE_OBJC_WEAK = YES;
				CLANG_WARN_BLOCK_CAPTURE_AUTORELEASING = YES;
				CLANG_WARN_BOOL_CONVERSION = YES;
				CLANG_WARN_COMMA = YES;
				CLANG_WARN_CONSTANT_CONVERSION = YES;
				CLANG_WARN_DEPRECATED_OBJC_IMPLEMENTATIONS = YES;
				CLANG_WARN_DIRECT_OBJC_ISA_USAGE = YES_ERROR;
				CLANG_WARN_DOCUMENTATION_COMMENTS = YES;
				CLANG_WARN_EMPTY_BODY = YES;
				CLANG_WARN_ENUM_CONVERSION = YES;
				CLANG_WARN_INFINITE_RECURSION = YES;
				CLANG_WARN_INT_CONVERSION = YES;
				CLANG_WARN_NON_LITERAL_NULL_CONVERSION = YES;
				CLANG_WARN_OBJC_IMPLICIT_RETAIN_SELF = YES;
				CLANG_WARN_OBJC_LITERAL_CONVERSION = YES;
				CLANG_WARN_OBJC_ROOT_CLASS = YES_ERROR;
				CLANG_WARN_QUOTED_INCLUDE_IN_FRAMEWORK_HEADER = YES;
				CLANG_WARN_RANGE_LOOP_ANALYSIS = YES;
				CLANG_WARN_STRICT_PROTOTYPES = YES;
				CLANG_WARN_SUSPICIOUS_MOVE = YES;
				CLANG_WARN_UNGUARDED_AVAILABILITY = YES_AGGRESSIVE;
				CLANG_WARN_UNREACHABLE_CODE = YES;
				CLANG_WARN__DUPLICATE_METHOD_MATCH = YES;
				COPY_PHASE_STRIP = NO;
				DEBUG_INFORMATION_FORMAT = "dwarf-with-dsym";
				ENABLE_NS_ASSERTIONS = NO;
				ENABLE_STRICT_OBJC_MSGSEND = YES;
				GCC_C_LANGUAGE_STANDARD = gnu11;
				GCC_NO_COMMON_BLOCKS = YES;
				GCC_WARN_64_TO_32_BIT_CONVERSION = YES;
				GCC_WARN_ABOUT_RETURN_TYPE = YES_ERROR;
				GCC_WARN_UNDECLARED_SELECTOR = YES;
				GCC_WARN_UNINITIALIZED_AUTOS = YES_AGGRESSIVE;
				GCC_WARN_UNUSED_FUNCTION = YES;
				GCC_WARN_UNUSED_VARIABLE = YES;
				IPHONEOS_DEPLOYMENT_TARGET = 15.0;
				MTL_ENABLE_DEBUG_INFO = NO;
				MTL_FAST_MATH = YES;
				SDKROOT = iphoneos;
				SWIFT_COMPILATION_MODE = wholemodule;
				SWIFT_OPTIMIZATION_LEVEL = "-O";
				VALIDATE_PRODUCT = YES;
			};
			name = Release;
		};
		B0C0BD79278BC0A2003D1BF8 /* Debug */ = {
			isa = XCBuildConfiguration;
			buildSettings = {
				ASSETCATALOG_COMPILER_APPICON_NAME = AppIcon;
				ASSETCATALOG_COMPILER_GLOBAL_ACCENT_COLOR_NAME = AccentColor;
				CODE_SIGN_STYLE = Automatic;
				CURRENT_PROJECT_VERSION = 1;
				GENERATE_INFOPLIST_FILE = YES;
				INFOPLIST_FILE = prework/Info.plist;
				INFOPLIST_KEY_UIApplicationSupportsIndirectInputEvents = YES;
				INFOPLIST_KEY_UILaunchStoryboardName = LaunchScreen;
				INFOPLIST_KEY_UIMainStoryboardFile = Main;
				INFOPLIST_KEY_UISupportedInterfaceOrientations_iPad = "UIInterfaceOrientationPortrait UIInterfaceOrientationPortraitUpsideDown UIInterfaceOrientationLandscapeLeft UIInterfaceOrientationLandscapeRight";
				INFOPLIST_KEY_UISupportedInterfaceOrientations_iPhone = "UIInterfaceOrientationPortrait UIInterfaceOrientationLandscapeLeft UIInterfaceOrientationLandscapeRight";
				LD_RUNPATH_SEARCH_PATHS = (
					"$(inherited)",
					"@executable_path/Frameworks",
				);
				MARKETING_VERSION = 1.0;
				PRODUCT_BUNDLE_IDENTIFIER = mcastillo.prework;
				PRODUCT_NAME = "$(TARGET_NAME)";
				SWIFT_EMIT_LOC_STRINGS = YES;
				SWIFT_VERSION = 5.0;
				TARGETED_DEVICE_FAMILY = "1,2";
			};
			name = Debug;
		};
		B0C0BD7A278BC0A2003D1BF8 /* Release */ = {
			isa = XCBuildConfiguration;
			buildSettings = {
				ASSETCATALOG_COMPILER_APPICON_NAME = AppIcon;
				ASSETCATALOG_COMPILER_GLOBAL_ACCENT_COLOR_NAME = AccentColor;
				CODE_SIGN_STYLE = Automatic;
				CURRENT_PROJECT_VERSION = 1;
				GENERATE_INFOPLIST_FILE = YES;
				INFOPLIST_FILE = prework/Info.plist;
				INFOPLIST_KEY_UIApplicationSupportsIndirectInputEvents = YES;
				INFOPLIST_KEY_UILaunchStoryboardName = LaunchScreen;
				INFOPLIST_KEY_UIMainStoryboardFile = Main;
				INFOPLIST_KEY_UISupportedInterfaceOrientations_iPad = "UIInterfaceOrientationPortrait UIInterfaceOrientationPortraitUpsideDown UIInterfaceOrientationLandscapeLeft UIInterfaceOrientationLandscapeRight";
				INFOPLIST_KEY_UISupportedInterfaceOrientations_iPhone = "UIInterfaceOrientationPortrait UIInterfaceOrientationLandscapeLeft UIInterfaceOrientationLandscapeRight";
				LD_RUNPATH_SEARCH_PATHS = (
					"$(inherited)",
					"@executable_path/Frameworks",
				);
				MARKETING_VERSION = 1.0;
				PRODUCT_BUNDLE_IDENTIFIER = mcastillo.prework;
				PRODUCT_NAME = "$(TARGET_NAME)";
				SWIFT_EMIT_LOC_STRINGS = YES;
				SWIFT_VERSION = 5.0;
				TARGETED_DEVICE_FAMILY = "1,2";
			};
			name = Release;
		};
		B0C0BD7C278BC0A2003D1BF8 /* Debug */ = {
			isa = XCBuildConfiguration;
			buildSettings = {
				ALWAYS_EMBED_SWIFT_STANDARD_LIBRARIES = YES;
				BUNDLE_LOADER = "$(TEST_HOST)";
				CODE_SIGN_STYLE = Automatic;
				CURRENT_PROJECT_VERSION = 1;
				GENERATE_INFOPLIST_FILE = YES;
				IPHONEOS_DEPLOYMENT_TARGET = 15.0;
				LD_RUNPATH_SEARCH_PATHS = (
					"$(inherited)",
					"@executable_path/Frameworks",
					"@loader_path/Frameworks",
				);
				MARKETING_VERSION = 1.0;
				PRODUCT_BUNDLE_IDENTIFIER = mcastillo.preworkTests;
				PRODUCT_NAME = "$(TARGET_NAME)";
				SWIFT_EMIT_LOC_STRINGS = NO;
				SWIFT_VERSION = 5.0;
				TARGETED_DEVICE_FAMILY = "1,2";
				TEST_HOST = "$(BUILT_PRODUCTS_DIR)/prework.app/prework";
			};
			name = Debug;
		};
		B0C0BD7D278BC0A2003D1BF8 /* Release */ = {
			isa = XCBuildConfiguration;
			buildSettings = {
				ALWAYS_EMBED_SWIFT_STANDARD_LIBRARIES = YES;
				BUNDLE_LOADER = "$(TEST_HOST)";
				CODE_SIGN_STYLE = Automatic;
				CURRENT_PROJECT_VERSION = 1;
				GENERATE_INFOPLIST_FILE = YES;
				IPHONEOS_DEPLOYMENT_TARGET = 15.0;
				LD_RUNPATH_SEARCH_PATHS = (
					"$(inherited)",
					"@executable_path/Frameworks",
					"@loader_path/Frameworks",
				);
				MARKETING_VERSION = 1.0;
				PRODUCT_BUNDLE_IDENTIFIER = mcastillo.preworkTests;
				PRODUCT_NAME = "$(TARGET_NAME)";
				SWIFT_EMIT_LOC_STRINGS = NO;
				SWIFT_VERSION = 5.0;
				TARGETED_DEVICE_FAMILY = "1,2";
				TEST_HOST = "$(BUILT_PRODUCTS_DIR)/prework.app/prework";
			};
			name = Release;
		};
		B0C0BD7F278BC0A2003D1BF8 /* Debug */ = {
			isa = XCBuildConfiguration;
			buildSettings = {
				ALWAYS_EMBED_SWIFT_STANDARD_LIBRARIES = YES;
				CODE_SIGN_STYLE = Automatic;
				CURRENT_PROJECT_VERSION = 1;
				GENERATE_INFOPLIST_FILE = YES;
				LD_RUNPATH_SEARCH_PATHS = (
					"$(inherited)",
					"@executable_path/Frameworks",
					"@loader_path/Frameworks",
				);
				MARKETING_VERSION = 1.0;
				PRODUCT_BUNDLE_IDENTIFIER = mcastillo.preworkUITests;
				PRODUCT_NAME = "$(TARGET_NAME)";
				SWIFT_EMIT_LOC_STRINGS = NO;
				SWIFT_VERSION = 5.0;
				TARGETED_DEVICE_FAMILY = "1,2";
				TEST_TARGET_NAME = prework;
			};
			name = Debug;
		};
		B0C0BD80278BC0A2003D1BF8 /* Release */ = {
			isa = XCBuildConfiguration;
			buildSettings = {
				ALWAYS_EMBED_SWIFT_STANDARD_LIBRARIES = YES;
				CODE_SIGN_STYLE = Automatic;
				CURRENT_PROJECT_VERSION = 1;
				GENERATE_INFOPLIST_FILE = YES;
				LD_RUNPATH_SEARCH_PATHS = (
					"$(inherited)",
					"@executable_path/Frameworks",
					"@loader_path/Frameworks",
				);
				MARKETING_VERSION = 1.0;
				PRODUCT_BUNDLE_IDENTIFIER = mcastillo.preworkUITests;
				PRODUCT_NAME = "$(TARGET_NAME)";
				SWIFT_EMIT_LOC_STRINGS = NO;
				SWIFT_VERSION = 5.0;
				TARGETED_DEVICE_FAMILY = "1,2";
				TEST_TARGET_NAME = prework;
			};
			name = Release;
		};
/* End XCBuildConfiguration section */

/* Begin XCConfigurationList section */
		B0C0BD49278BC09F003D1BF8 /* Build configuration list for PBXProject "prework" */ = {
			isa = XCConfigurationList;
			buildConfigurations = (
				B0C0BD76278BC0A2003D1BF8 /* Debug */,
				B0C0BD77278BC0A2003D1BF8 /* Release */,
			);
			defaultConfigurationIsVisible = 0;
			defaultConfigurationName = Release;
		};
		B0C0BD78278BC0A2003D1BF8 /* Build configuration list for PBXNativeTarget "prework" */ = {
			isa = XCConfigurationList;
			buildConfigurations = (
				B0C0BD79278BC0A2003D1BF8 /* Debug */,
				B0C0BD7A278BC0A2003D1BF8 /* Release */,
			);
			defaultConfigurationIsVisible = 0;
			defaultConfigurationName = Release;
		};
		B0C0BD7B278BC0A2003D1BF8 /* Build configuration list for PBXNativeTarget "preworkTests" */ = {
			isa = XCConfigurationList;
			buildConfigurations = (
				B0C0BD7C278BC0A2003D1BF8 /* Debug */,
				B0C0BD7D278BC0A2003D1BF8 /* Release */,
			);
			defaultConfigurationIsVisible = 0;
			defaultConfigurationName = Release;
		};
		B0C0BD7E278BC0A2003D1BF8 /* Build configuration list for PBXNativeTarget "preworkUITests" */ = {
			isa = XCConfigurationList;
			buildConfigurations = (
				B0C0BD7F278BC0A2003D1BF8 /* Debug */,
				B0C0BD80278BC0A2003D1BF8 /* Release */,
			);
			defaultConfigurationIsVisible = 0;
			defaultConfigurationName = Release;
		};
/* End XCConfigurationList section */
	};
	rootObject = B0C0BD46278BC09F003D1BF8 /* Project object */;
}
